
Microsoft Visual Studio Solution File, Format Version 10.00
# Visual Studio 2008
Project("{FAE04EC0-301F-11D3-BF4B-00C04F79EFBC}") = "Networks", "Networks\Networks.csproj", "{16652916-E2FD-4294-9ABA-D4BB17B0DAEB}"
EndProject
Global
	GlobalSection(SolutionConfigurationPlatforms) = preSolution
		Debug|Any CPU = Debug|Any CPU
		Release|Any CPU = Release|Any CPU
	EndGlobalSection
	GlobalSection(ProjectConfigurationPlatforms) = postSolution
		{16652916-E2FD-4294-9ABA-D4BB17B0DAEB}.Debug|Any CPU.ActiveCfg = Debug|Any CPU
		{16652916-E2FD-4294-9ABA-D4BB17B0DAEB}.Debug|Any CPU.Build.0 = Debug|Any CPU
		{16652916-E2FD-4294-9ABA-D4BB17B0DAEB}.Release|Any CPU.ActiveCfg = Release|Any CPU
		{16652916-E2FD-4294-9ABA-D4BB17B0DAEB}.Release|Any CPU.Build.0 = Release|Any CPU
	EndGlobalSection
	GlobalSection(SolutionProperties) = preSolution
		HideSolutionNode = FALSE
	EndGlobalSection
EndGlobal
